github.com/shurcooL/webdavfs v0.0.0-20230705023409-38343235ac43 h1:SiQpwWBucykKUTg+PkPjEgJI+vAOqkF+pjSEyCtZKso=
github.com/shurcooL/webdavfs v0.0.0-20230705023409-38343235ac43/go.mod h1:q8jtPWlTUFLNEt43+ertaVCElLme2TPo+MrESaY0ejM=
golang.org/x/net v0.33.0 h1:74SYHlV8BIgHIFC/LrYkOGIwL19eTYXQ5wc6TBuO36I=
golang.org/x/net v0.33.0/go.mod h1:HXLR5J+9DxmrqMwG9qjGCxZ+zKXxBru04zlTvWlWuN4=
